
Microsoft Visual Studio Solution File, Format Version 12.00
# Visual Studio 2015
Project("{FAE04EC0-301F-11D3-BF4B-00C04F79EFBC}") = "New Game.CSharp", "New Game.CSharp.csproj", "{0339E1B9-8513-3D3C-8020-0CAA49967911}"
EndProject
Global
	GlobalSection(SolutionConfigurationPlatforms) = preSolution
		Debug|Any CPU = Debug|Any CPU
		Release|Any CPU = Release|Any CPU
	EndGlobalSection
	GlobalSection(ProjectConfigurationPlatforms) = postSolution
		{0339E1B9-8513-3D3C-8020-0CAA49967911}.Debug|Any CPU.ActiveCfg = Debug|Any CPU
		{0339E1B9-8513-3D3C-8020-0CAA49967911}.Debug|Any CPU.Build.0 = Debug|Any CPU
		{0339E1B9-8513-3D3C-8020-0CAA49967911}.Release|Any CPU.ActiveCfg = Release|Any CPU
		{0339E1B9-8513-3D3C-8020-0CAA49967911}.Release|Any CPU.Build.0 = Release|Any CPU
	EndGlobalSection
	GlobalSection(SolutionProperties) = preSolution
		HideSolutionNode = FALSE
	EndGlobalSection
EndGlobal
