
Microsoft Visual Studio Solution File, Format Version 12.00
# Visual Studio 2015
Project("{FAE04EC0-301F-11D3-BF4B-00C04F79EFBC}") = "New-Game.CSharp", "New-Game.CSharp.csproj", "{198B6F7C-DAB6-C7E0-7F5D-1BF22A56FD3B}"
EndProject
Global
	GlobalSection(SolutionConfigurationPlatforms) = preSolution
		Debug|Any CPU = Debug|Any CPU
		Release|Any CPU = Release|Any CPU
	EndGlobalSection
	GlobalSection(ProjectConfigurationPlatforms) = postSolution
		{198B6F7C-DAB6-C7E0-7F5D-1BF22A56FD3B}.Debug|Any CPU.ActiveCfg = Debug|Any CPU
		{198B6F7C-DAB6-C7E0-7F5D-1BF22A56FD3B}.Debug|Any CPU.Build.0 = Debug|Any CPU
		{198B6F7C-DAB6-C7E0-7F5D-1BF22A56FD3B}.Release|Any CPU.ActiveCfg = Release|Any CPU
		{198B6F7C-DAB6-C7E0-7F5D-1BF22A56FD3B}.Release|Any CPU.Build.0 = Release|Any CPU
	EndGlobalSection
	GlobalSection(SolutionProperties) = preSolution
		HideSolutionNode = FALSE
	EndGlobalSection
EndGlobal
